
Microsoft Visual Studio Solution File, Format Version 12.00
# Visual Studio Version 17
VisualStudioVersion = 17.7.34221.43
MinimumVisualStudioVersion = 10.0.40219.1
Project("{9A19103F-16F7-4668-BE54-9A1E7A4F7556}") = "HomeworkAPI.Domain", "HomeworkAPI.Domain\HomeworkAPI.Domain.csproj", "{0458A783-7011-41C4-BD07-F038CC2F91E3}"
EndProject
Project("{9A19103F-16F7-4668-BE54-9A1E7A4F7556}") = "HomeworkAPI", "HomeworkAPI\HomeworkAPI.csproj", "{45FD765B-7EC3-4E56-A2F4-29917AC5E8B4}"
EndProject
Project("{FAE04EC0-301F-11D3-BF4B-00C04F79EFBC}") = "HomeworkAPI.Test", "HomeworkAPI.Test\HomeworkAPI.Test.csproj", "{FCEC261E-4013-4865-957D-EFA1F31781E0}"
EndProject
Global
	GlobalSection(SolutionConfigurationPlatforms) = preSolution
		Debug|Any CPU = Debug|Any CPU
		Release|Any CPU = Release|Any CPU
	EndGlobalSection
	GlobalSection(ProjectConfigurationPlatforms) = postSolution
		{0458A783-7011-41C4-BD07-F038CC2F91E3}.Debug|Any CPU.ActiveCfg = Debug|Any CPU
		{0458A783-7011-41C4-BD07-F038CC2F91E3}.Debug|Any CPU.Build.0 = Debug|Any CPU
		{0458A783-7011-41C4-BD07-F038CC2F91E3}.Release|Any CPU.ActiveCfg = Release|Any CPU
		{0458A783-7011-41C4-BD07-F038CC2F91E3}.Release|Any CPU.Build.0 = Release|Any CPU
		{45FD765B-7EC3-4E56-A2F4-29917AC5E8B4}.Debug|Any CPU.ActiveCfg = Debug|Any CPU
		{45FD765B-7EC3-4E56-A2F4-29917AC5E8B4}.Debug|Any CPU.Build.0 = Debug|Any CPU
		{45FD765B-7EC3-4E56-A2F4-29917AC5E8B4}.Release|Any CPU.ActiveCfg = Release|Any CPU
		{45FD765B-7EC3-4E56-A2F4-29917AC5E8B4}.Release|Any CPU.Build.0 = Release|Any CPU
		{FCEC261E-4013-4865-957D-EFA1F31781E0}.Debug|Any CPU.ActiveCfg = Debug|Any CPU
		{FCEC261E-4013-4865-957D-EFA1F31781E0}.Debug|Any CPU.Build.0 = Debug|Any CPU
		{FCEC261E-4013-4865-957D-EFA1F31781E0}.Release|Any CPU.ActiveCfg = Release|Any CPU
		{FCEC261E-4013-4865-957D-EFA1F31781E0}.Release|Any CPU.Build.0 = Release|Any CPU
	EndGlobalSection
	GlobalSection(SolutionProperties) = preSolution
		HideSolutionNode = FALSE
	EndGlobalSection
	GlobalSection(ExtensibilityGlobals) = postSolution
		SolutionGuid = {8C5FFCD5-8A93-4BBA-9ED3-E1C5A0F0AD91}
	EndGlobalSection
EndGlobal
